// !$*UTF8*$!
{
	archiveVersion = 1;
	classes = {
	};
	objectVersion = 50;
	objects = {

/* Begin PBXBuildFile section */
		224303FA2282AC28001E95A7 /* AppDelegate.m in Sources */ = {isa = PBXBuildFile; fileRef = 224303F92282AC28001E95A7 /* AppDelegate.m */; };
		224303FD2282AC28001E95A7 /* ViewController.m in Sources */ = {isa = PBXBuildFile; fileRef = 224303FC2282AC28001E95A7 /* ViewController.m */; };
		224304002282AC28001E95A7 /* Main.storyboard in Resources */ = {isa = PBXBuildFile; fileRef = 224303FE2282AC28001E95A7 /* Main.storyboard */; };
		224304022282AC29001E95A7 /* Assets.xcassets in Resources */ = {isa = PBXBuildFile; fileRef = 224304012282AC29001E95A7 /* Assets.xcassets */; };
		224304052282AC29001E95A7 /* LaunchScreen.storyboard in Resources */ = {isa = PBXBuildFile; fileRef = 224304032282AC29001E95A7 /* LaunchScreen.storyboard */; };
		224304082282AC29001E95A7 /* main.m in Sources */ = {isa = PBXBuildFile; fileRef = 224304072282AC29001E95A7 /* main.m */; };
		224304122282AC29001E95A7 /* ZXTTests.m in Sources */ = {isa = PBXBuildFile; fileRef = 224304112282AC29001E95A7 /* ZXTTests.m */; };
		2243041D2282AC29001E95A7 /* ZXTUITests.m in Sources */ = {isa = PBXBuildFile; fileRef = 2243041C2282AC29001E95A7 /* ZXTUITests.m */; };
		2243045E2282B15B001E95A7 /* ICEZZTViewController.m in Sources */ = {isa = PBXBuildFile; fileRef = 2243045D2282B15B001E95A7 /* ICEZZTViewController.m */; };
		224304622282B19A001E95A7 /* ICEZXTViewController.m in Sources */ = {isa = PBXBuildFile; fileRef = 224304612282B19A001E95A7 /* ICEZXTViewController.m */; };
		224304652282B1A7001E95A7 /* ICEBZTViewController.m in Sources */ = {isa = PBXBuildFile; fileRef = 224304642282B1A7001E95A7 /* ICEBZTViewController.m */; };
		22CA2CFA2283FE1800460357 /* ICECodeViewController.m in Sources */ = {isa = PBXBuildFile; fileRef = 22CA2CF92283FE1800460357 /* ICECodeViewController.m */; };
		22CA2D032283FE4A00460357 /* ICEViewController.m in Sources */ = {isa = PBXBuildFile; fileRef = 22CA2D022283FE4A00460357 /* ICEViewController.m */; };
		6328F46E228D5FDC00CDE193 /* ICETableViewCell.m in Sources */ = {isa = PBXBuildFile; fileRef = 6328F46D228D5FDC00CDE193 /* ICETableViewCell.m */; };
		6328F473228E48A800CDE193 /* ICEModel.m in Sources */ = {isa = PBXBuildFile; fileRef = 6328F472228E48A800CDE193 /* ICEModel.m */; };
		6328F48B228E5B1600CDE193 /* ICEXibTableViewCell.m in Sources */ = {isa = PBXBuildFile; fileRef = 6328F489228E5B1600CDE193 /* ICEXibTableViewCell.m */; };
		6328F48C228E5B1600CDE193 /* ICEXibTableViewCell.xib in Resources */ = {isa = PBXBuildFile; fileRef = 6328F48A228E5B1600CDE193 /* ICEXibTableViewCell.xib */; };
		6328F490228E87AB00CDE193 /* ICETools.m in Sources */ = {isa = PBXBuildFile; fileRef = 6328F48F228E87AB00CDE193 /* ICETools.m */; };
		6328F493228E8DDC00CDE193 /* ICETestView.m in Sources */ = {isa = PBXBuildFile; fileRef = 6328F492228E8DDC00CDE193 /* ICETestView.m */; };
		6328F4A3228EB5CE00CDE193 /* ICECollectionViewController.m in Sources */ = {isa = PBXBuildFile; fileRef = 6328F4A2228EB5CE00CDE193 /* ICECollectionViewController.m */; };
		636B2152229284D100E4A07B /* UIView+ICEZwt.m in Sources */ = {isa = PBXBuildFile; fileRef = 636B2151229284D100E4A07B /* UIView+ICEZwt.m */; };
		636B21552292A19800E4A07B /* ICELoadingView.m in Sources */ = {isa = PBXBuildFile; fileRef = 636B21542292A19800E4A07B /* ICELoadingView.m */; };
		636B215A2293A97C00E4A07B /* ICECodeCollectionViewCell.m in Sources */ = {isa = PBXBuildFile; fileRef = 636B21592293A97C00E4A07B /* ICECodeCollectionViewCell.m */; };
		636B215D2293D11400E4A07B /* ICEXibView.m in Sources */ = {isa = PBXBuildFile; fileRef = 636B215C2293D11400E4A07B /* ICEXibView.m */; };
		636B215F2293D13B00E4A07B /* ICEXibView.xib in Resources */ = {isa = PBXBuildFile; fileRef = 636B215E2293D13B00E4A07B /* ICEXibView.xib */; };
		636B21622293E9F100E4A07B /* 没网.png in Resources */ = {isa = PBXBuildFile; fileRef = 636B21612293E9F000E4A07B /* 没网.png */; };
		636B2165229400B300E4A07B /* ICETableXibViewController.m in Sources */ = {isa = PBXBuildFile; fileRef = 636B2164229400B300E4A07B /* ICETableXibViewController.m */; };
		ED843D73A3575E30BEB8ABFD /* Pods_ZXT.framework in Frameworks */ = {isa = PBXBuildFile; fileRef = F9B2899D578FD9EDC9FC80E2 /* Pods_ZXT.framework */; };
/* End PBXBuildFile section */

/* Begin PBXContainerItemProxy section */
		2243040E2282AC29001E95A7 /* PBXContainerItemProxy */ = {
			isa = PBXContainerItemProxy;
			containerPortal = 224303ED2282AC28001E95A7 /* Project object */;
			proxyType = 1;
			remoteGlobalIDString = 224303F42282AC28001E95A7;
			remoteInfo = ZXT;
		};
		224304192282AC29001E95A7 /* PBXContainerItemProxy */ = {
			isa = PBXContainerItemProxy;
			containerPortal = 224303ED2282AC28001E95A7 /* Project object */;
			proxyType = 1;
			remoteGlobalIDString = 224303F42282AC28001E95A7;
			remoteInfo = ZXT;
		};
/* End PBXContainerItemProxy section */

/* Begin PBXFileReference section */
		102EA7C1E4C77F68EA2DE4A5 /* Pods-ZXT.debug.xcconfig */ = {isa = PBXFileReference; includeInIndex = 1; lastKnownFileType = text.xcconfig; name = "Pods-ZXT.debug.xcconfig"; path = "Target Support Files/Pods-ZXT/Pods-ZXT.debug.xcconfig"; sourceTree = "<group>"; };
		224303F52282AC28001E95A7 /* ZXT.app */ = {isa = PBXFileReference; explicitFileType = wrapper.application; includeInIndex = 0; path = ZXT.app; sourceTree = BUILT_PRODUCTS_DIR; };
		224303F82282AC28001E95A7 /* AppDelegate.h */ = {isa = PBXFileReference; lastKnownFileType = sourcecode.c.h; path = AppDelegate.h; sourceTree = "<group>"; };
		224303F92282AC28001E95A7 /* AppDelegate.m */ = {isa = PBXFileReference; lastKnownFileType = sourcecode.c.objc; path = AppDelegate.m; sourceTree = "<group>"; };
		224303FB2282AC28001E95A7 /* ViewController.h */ = {isa = PBXFileReference; lastKnownFileType = sourcecode.c.h; path = ViewController.h; sourceTree = "<group>"; };
		224303FC2282AC28001E95A7 /* ViewController.m */ = {isa = PBXFileReference; lastKnownFileType = sourcecode.c.objc; path = ViewController.m; sourceTree = "<group>"; };
		224303FF2282AC28001E95A7 /* Base */ = {isa = PBXFileReference; lastKnownFileType = file.storyboard; name = Base; path = Base.lproj/Main.storyboard; sourceTree = "<group>"; };
		224304012282AC29001E95A7 /* Assets.xcassets */ = {isa = PBXFileReference; lastKnownFileType = folder.assetcatalog; path = Assets.xcassets; sourceTree = "<group>"; };
		224304042282AC29001E95A7 /* Base */ = {isa = PBXFileReference; lastKnownFileType = file.storyboard; name = Base; path = Base.lproj/LaunchScreen.storyboard; sourceTree = "<group>"; };
		224304062282AC29001E95A7 /* Info.plist */ = {isa = PBXFileReference; lastKnownFileType = text.plist.xml; path = Info.plist; sourceTree = "<group>"; };
		224304072282AC29001E95A7 /* main.m */ = {isa = PBXFileReference; lastKnownFileType = sourcecode.c.objc; path = main.m; sourceTree = "<group>"; };
		2243040D2282AC29001E95A7 /* ZXTTests.xctest */ = {isa = PBXFileReference; explicitFileType = wrapper.cfbundle; includeInIndex = 0; path = ZXTTests.xctest; sourceTree = BUILT_PRODUCTS_DIR; };
		224304112282AC29001E95A7 /* ZXTTests.m */ = {isa = PBXFileReference; lastKnownFileType = sourcecode.c.objc; path = ZXTTests.m; sourceTree = "<group>"; };
		224304132282AC29001E95A7 /* Info.plist */ = {isa = PBXFileReference; lastKnownFileType = text.plist.xml; path = Info.plist; sourceTree = "<group>"; };
		224304182282AC29001E95A7 /* ZXTUITests.xctest */ = {isa = PBXFileReference; explicitFileType = wrapper.cfbundle; includeInIndex = 0; path = ZXTUITests.xctest; sourceTree = BUILT_PRODUCTS_DIR; };
		2243041C2282AC29001E95A7 /* ZXTUITests.m */ = {isa = PBXFileReference; lastKnownFileType = sourcecode.c.objc; path = ZXTUITests.m; sourceTree = "<group>"; };
		2243041E2282AC29001E95A7 /* Info.plist */ = {isa = PBXFileReference; lastKnownFileType = text.plist.xml; path = Info.plist; sourceTree = "<group>"; };
		2243045B2282ADF3001E95A7 /* PrefixHeader.pch */ = {isa = PBXFileReference; lastKnownFileType = sourcecode.c.h; path = PrefixHeader.pch; sourceTree = "<group>"; };
		2243045C2282B15B001E95A7 /* ICEZZTViewController.h */ = {isa = PBXFileReference; lastKnownFileType = sourcecode.c.h; path = ICEZZTViewController.h; sourceTree = "<group>"; };
		2243045D2282B15B001E95A7 /* ICEZZTViewController.m */ = {isa = PBXFileReference; lastKnownFileType = sourcecode.c.objc; path = ICEZZTViewController.m; sourceTree = "<group>"; };
		224304602282B19A001E95A7 /* ICEZXTViewController.h */ = {isa = PBXFileReference; lastKnownFileType = sourcecode.c.h; path = ICEZXTViewController.h; sourceTree = "<group>"; };
		224304612282B19A001E95A7 /* ICEZXTViewController.m */ = {isa = PBXFileReference; lastKnownFileType = sourcecode.c.objc; path = ICEZXTViewController.m; sourceTree = "<group>"; };
		224304632282B1A7001E95A7 /* ICEBZTViewController.h */ = {isa = PBXFileReference; lastKnownFileType = sourcecode.c.h; path = ICEBZTViewController.h; sourceTree = "<group>"; };
		224304642282B1A7001E95A7 /* ICEBZTViewController.m */ = {isa = PBXFileReference; lastKnownFileType = sourcecode.c.objc; path = ICEBZTViewController.m; sourceTree = "<group>"; };
		22CA2CF82283FE1800460357 /* ICECodeViewController.h */ = {isa = PBXFileReference; lastKnownFileType = sourcecode.c.h; path = ICECodeViewController.h; sourceTree = "<group>"; };
		22CA2CF92283FE1800460357 /* ICECodeViewController.m */ = {isa = PBXFileReference; lastKnownFileType = sourcecode.c.objc; path = ICECodeViewController.m; sourceTree = "<group>"; };
		22CA2D012283FE4A00460357 /* ICEViewController.h */ = {isa = PBXFileReference; lastKnownFileType = sourcecode.c.h; path = ICEViewController.h; sourceTree = "<group>"; };
		22CA2D022283FE4A00460357 /* ICEViewController.m */ = {isa = PBXFileReference; lastKnownFileType = sourcecode.c.objc; path = ICEViewController.m; sourceTree = "<group>"; };
		6328F46C228D5FDC00CDE193 /* ICETableViewCell.h */ = {isa = PBXFileReference; lastKnownFileType = sourcecode.c.h; path = ICETableViewCell.h; sourceTree = "<group>"; };
		6328F46D228D5FDC00CDE193 /* ICETableViewCell.m */ = {isa = PBXFileReference; lastKnownFileType = sourcecode.c.objc; path = ICETableViewCell.m; sourceTree = "<group>"; };
		6328F471228E48A800CDE193 /* ICEModel.h */ = {isa = PBXFileReference; lastKnownFileType = sourcecode.c.h; path = ICEModel.h; sourceTree = "<group>"; };
		6328F472228E48A800CDE193 /* ICEModel.m */ = {isa = PBXFileReference; lastKnownFileType = sourcecode.c.objc; path = ICEModel.m; sourceTree = "<group>"; };
		6328F488228E5B1600CDE193 /* ICEXibTableViewCell.h */ = {isa = PBXFileReference; lastKnownFileType = sourcecode.c.h; path = ICEXibTableViewCell.h; sourceTree = "<group>"; };
		6328F489228E5B1600CDE193 /* ICEXibTableViewCell.m */ = {isa = PBXFileReference; lastKnownFileType = sourcecode.c.objc; path = ICEXibTableViewCell.m; sourceTree = "<group>"; };
		6328F48A228E5B1600CDE193 /* ICEXibTableViewCell.xib */ = {isa = PBXFileReference; lastKnownFileType = file.xib; path = ICEXibTableViewCell.xib; sourceTree = "<group>"; };
		6328F48E228E87AB00CDE193 /* ICETools.h */ = {isa = PBXFileReference; lastKnownFileType = sourcecode.c.h; path = ICETools.h; sourceTree = "<group>"; };
		6328F48F228E87AB00CDE193 /* ICETools.m */ = {isa = PBXFileReference; lastKnownFileType = sourcecode.c.objc; path = ICETools.m; sourceTree = "<group>"; };
		6328F491228E8DDC00CDE193 /* ICETestView.h */ = {isa = PBXFileReference; lastKnownFileType = sourcecode.c.h; path = ICETestView.h; sourceTree = "<group>"; };
		6328F492228E8DDC00CDE193 /* ICETestView.m */ = {isa = PBXFileReference; lastKnownFileType = sourcecode.c.objc; path = ICETestView.m; sourceTree = "<group>"; };
		6328F4A1228EB5CE00CDE193 /* ICECollectionViewController.h */ = {isa = PBXFileReference; fileEncoding = 4; lastKnownFileType = sourcecode.c.h; path = ICECollectionViewController.h; sourceTree = "<group>"; };
		6328F4A2228EB5CE00CDE193 /* ICECollectionViewController.m */ = {isa = PBXFileReference; fileEncoding = 4; lastKnownFileType = sourcecode.c.objc; path = ICECollectionViewController.m; sourceTree = "<group>"; };
		636B2150229284D100E4A07B /* UIView+ICEZwt.h */ = {isa = PBXFileReference; lastKnownFileType = sourcecode.c.h; path = "UIView+ICEZwt.h"; sourceTree = "<group>"; };
		636B2151229284D100E4A07B /* UIView+ICEZwt.m */ = {isa = PBXFileReference; lastKnownFileType = sourcecode.c.objc; path = "UIView+ICEZwt.m"; sourceTree = "<group>"; };
		636B21532292A19800E4A07B /* ICELoadingView.h */ = {isa = PBXFileReference; lastKnownFileType = sourcecode.c.h; path = ICELoadingView.h; sourceTree = "<group>"; };
		636B21542292A19800E4A07B /* ICELoadingView.m */ = {isa = PBXFileReference; lastKnownFileType = sourcecode.c.objc; path = ICELoadingView.m; sourceTree = "<group>"; };
		636B21582293A97C00E4A07B /* ICECodeCollectionViewCell.h */ = {isa = PBXFileReference; lastKnownFileType = sourcecode.c.h; path = ICECodeCollectionViewCell.h; sourceTree = "<group>"; };
		636B21592293A97C00E4A07B /* ICECodeCollectionViewCell.m */ = {isa = PBXFileReference; lastKnownFileType = sourcecode.c.objc; path = ICECodeCollectionViewCell.m; sourceTree = "<group>"; };
		636B215B2293D11400E4A07B /* ICEXibView.h */ = {isa = PBXFileReference; lastKnownFileType = sourcecode.c.h; path = ICEXibView.h; sourceTree = "<group>"; };
		636B215C2293D11400E4A07B /* ICEXibView.m */ = {isa = PBXFileReference; lastKnownFileType = sourcecode.c.objc; path = ICEXibView.m; sourceTree = "<group>"; };
		636B215E2293D13B00E4A07B /* ICEXibView.xib */ = {isa = PBXFileReference; lastKnownFileType = file.xib; path = ICEXibView.xib; sourceTree = "<group>"; };
		636B21612293E9F000E4A07B /* 没网.png */ = {isa = PBXFileReference; lastKnownFileType = image.png; path = "没网.png"; sourceTree = "<group>"; };
		636B2163229400B300E4A07B /* ICETableXibViewController.h */ = {isa = PBXFileReference; lastKnownFileType = sourcecode.c.h; path = ICETableXibViewController.h; sourceTree = "<group>"; };
		636B2164229400B300E4A07B /* ICETableXibViewController.m */ = {isa = PBXFileReference; lastKnownFileType = sourcecode.c.objc; path = ICETableXibViewController.m; sourceTree = "<group>"; };
		9E337BC15CE31478928B43C6 /* Pods-ZXT.release.xcconfig */ = {isa = PBXFileReference; includeInIndex = 1; lastKnownFileType = text.xcconfig; name = "Pods-ZXT.release.xcconfig"; path = "Target Support Files/Pods-ZXT/Pods-ZXT.release.xcconfig"; sourceTree = "<group>"; };
		F9B2899D578FD9EDC9FC80E2 /* Pods_ZXT.framework */ = {isa = PBXFileReference; explicitFileType = wrapper.framework; includeInIndex = 0; path = Pods_ZXT.framework; sourceTree = BUILT_PRODUCTS_DIR; };
/* End PBXFileReference section */

/* Begin PBXFrameworksBuildPhase section */
		224303F22282AC28001E95A7 /* Frameworks */ = {
			isa = PBXFrameworksBuildPhase;
			buildActionMask = 2147483647;
			files = (
				ED843D73A3575E30BEB8ABFD /* Pods_ZXT.framework in Frameworks */,
			);
			runOnlyForDeploymentPostprocessing = 0;
		};
		2243040A2282AC29001E95A7 /* Frameworks */ = {
			isa = PBXFrameworksBuildPhase;
			buildActionMask = 2147483647;
			files = (
			);
			runOnlyForDeploymentPostprocessing = 0;
		};
		224304152282AC29001E95A7 /* Frameworks */ = {
			isa = PBXFrameworksBuildPhase;
			buildActionMask = 2147483647;
			files = (
			);
			runOnlyForDeploymentPostprocessing = 0;
		};
/* End PBXFrameworksBuildPhase section */

/* Begin PBXGroup section */
		224303EC2282AC28001E95A7 = {
			isa = PBXGroup;
			children = (
				224303F72282AC28001E95A7 /* ZXT */,
				224304102282AC29001E95A7 /* ZXTTests */,
				2243041B2282AC29001E95A7 /* ZXTUITests */,
				224303F62282AC28001E95A7 /* Products */,
				ACC6EE51158D2CFD9FE80111 /* Pods */,
				B2841147C9466804F167C215 /* Frameworks */,
			);
			sourceTree = "<group>";
		};
		224303F62282AC28001E95A7 /* Products */ = {
			isa = PBXGroup;
			children = (
				224303F52282AC28001E95A7 /* ZXT.app */,
				2243040D2282AC29001E95A7 /* ZXTTests.xctest */,
				224304182282AC29001E95A7 /* ZXTUITests.xctest */,
			);
			name = Products;
			sourceTree = "<group>";
		};
		224303F72282AC28001E95A7 /* ZXT */ = {
			isa = PBXGroup;
			children = (
				2243045B2282ADF3001E95A7 /* PrefixHeader.pch */,
				636B21602293E94100E4A07B /* 占位图 */,
				2243045F2282B163001E95A7 /* 线状图 */,
				22CA2CF72283FDEC00460357 /* 骨架动画测试 */,
				224303F82282AC28001E95A7 /* AppDelegate.h */,
				224303F92282AC28001E95A7 /* AppDelegate.m */,
				224303FB2282AC28001E95A7 /* ViewController.h */,
				224303FC2282AC28001E95A7 /* ViewController.m */,
				224303FE2282AC28001E95A7 /* Main.storyboard */,
				224304012282AC29001E95A7 /* Assets.xcassets */,
				224304032282AC29001E95A7 /* LaunchScreen.storyboard */,
				224304062282AC29001E95A7 /* Info.plist */,
				224304072282AC29001E95A7 /* main.m */,
			);
			path = ZXT;
			sourceTree = "<group>";
		};
		224304102282AC29001E95A7 /* ZXTTests */ = {
			isa = PBXGroup;
			children = (
				224304112282AC29001E95A7 /* ZXTTests.m */,
				224304132282AC29001E95A7 /* Info.plist */,
			);
			path = ZXTTests;
			sourceTree = "<group>";
		};
		2243041B2282AC29001E95A7 /* ZXTUITests */ = {
			isa = PBXGroup;
			children = (
				2243041C2282AC29001E95A7 /* ZXTUITests.m */,
				2243041E2282AC29001E95A7 /* Info.plist */,
			);
			path = ZXTUITests;
			sourceTree = "<group>";
		};
		2243045F2282B163001E95A7 /* 线状图 */ = {
			isa = PBXGroup;
			children = (
				2243045C2282B15B001E95A7 /* ICEZZTViewController.h */,
				2243045D2282B15B001E95A7 /* ICEZZTViewController.m */,
				224304602282B19A001E95A7 /* ICEZXTViewController.h */,
				224304612282B19A001E95A7 /* ICEZXTViewController.m */,
				224304632282B1A7001E95A7 /* ICEBZTViewController.h */,
				224304642282B1A7001E95A7 /* ICEBZTViewController.m */,
			);
			path = "线状图";
			sourceTree = "<group>";
		};
		22CA2CF72283FDEC00460357 /* 骨架动画测试 */ = {
			isa = PBXGroup;
			children = (
				6328F48D228E877D00CDE193 /* object */,
				6328F46B228D5FAE00CDE193 /* views */,
				22CA2CF82283FE1800460357 /* ICECodeViewController.h */,
				22CA2CF92283FE1800460357 /* ICECodeViewController.m */,
				6328F4A1228EB5CE00CDE193 /* ICECollectionViewController.h */,
				6328F4A2228EB5CE00CDE193 /* ICECollectionViewController.m */,
				22CA2D012283FE4A00460357 /* ICEViewController.h */,
				22CA2D022283FE4A00460357 /* ICEViewController.m */,
				636B2163229400B300E4A07B /* ICETableXibViewController.h */,
				636B2164229400B300E4A07B /* ICETableXibViewController.m */,
			);
			path = "骨架动画测试";
			sourceTree = "<group>";
		};
		6328F46B228D5FAE00CDE193 /* views */ = {
			isa = PBXGroup;
			children = (
				6328F46C228D5FDC00CDE193 /* ICETableViewCell.h */,
				6328F46D228D5FDC00CDE193 /* ICETableViewCell.m */,
				6328F488228E5B1600CDE193 /* ICEXibTableViewCell.h */,
				6328F489228E5B1600CDE193 /* ICEXibTableViewCell.m */,
				6328F48A228E5B1600CDE193 /* ICEXibTableViewCell.xib */,
				6328F491228E8DDC00CDE193 /* ICETestView.h */,
				6328F492228E8DDC00CDE193 /* ICETestView.m */,
				636B21532292A19800E4A07B /* ICELoadingView.h */,
				636B21542292A19800E4A07B /* ICELoadingView.m */,
				636B21582293A97C00E4A07B /* ICECodeCollectionViewCell.h */,
				636B21592293A97C00E4A07B /* ICECodeCollectionViewCell.m */,
				636B215B2293D11400E4A07B /* ICEXibView.h */,
				636B215C2293D11400E4A07B /* ICEXibView.m */,
				636B215E2293D13B00E4A07B /* ICEXibView.xib */,
			);
			path = views;
			sourceTree = "<group>";
		};
		6328F48D228E877D00CDE193 /* object */ = {
			isa = PBXGroup;
			children = (
				6328F471228E48A800CDE193 /* ICEModel.h */,
				6328F472228E48A800CDE193 /* ICEModel.m */,
				6328F48E228E87AB00CDE193 /* ICETools.h */,
				6328F48F228E87AB00CDE193 /* ICETools.m */,
			);
			path = object;
			sourceTree = "<group>";
		};
		636B21602293E94100E4A07B /* 占位图 */ = {
			isa = PBXGroup;
			children = (
				636B21612293E9F000E4A07B /* 没网.png */,
				636B2150229284D100E4A07B /* UIView+ICEZwt.h */,
				636B2151229284D100E4A07B /* UIView+ICEZwt.m */,
			);
			path = "占位图";
			sourceTree = "<group>";
		};
		ACC6EE51158D2CFD9FE80111 /* Pods */ = {
			isa = PBXGroup;
			children = (
				102EA7C1E4C77F68EA2DE4A5 /* Pods-ZXT.debug.xcconfig */,
				9E337BC15CE31478928B43C6 /* Pods-ZXT.release.xcconfig */,
			);
			path = Pods;
			sourceTree = "<group>";
		};
		B2841147C9466804F167C215 /* Frameworks */ = {
			isa = PBXGroup;
			children = (
				F9B2899D578FD9EDC9FC80E2 /* Pods_ZXT.framework */,
			);
			name = Frameworks;
			sourceTree = "<group>";
		};
/* End PBXGroup section */

/* Begin PBXNativeTarget section */
		224303F42282AC28001E95A7 /* ZXT */ = {
			isa = PBXNativeTarget;
			buildConfigurationList = 224304212282AC29001E95A7 /* Build configuration list for PBXNativeTarget "ZXT" */;
			buildPhases = (
				6F10C97A0E5EA3306DCAFEB3 /* [CP] Check Pods Manifest.lock */,
				224303F12282AC28001E95A7 /* Sources */,
				224303F22282AC28001E95A7 /* Frameworks */,
				224303F32282AC28001E95A7 /* Resources */,
				AD6795983821C40CFED5187A /* [CP] Embed Pods Frameworks */,
			);
			buildRules = (
			);
			dependencies = (
			);
			name = ZXT;
			productName = ZXT;
			productReference = 224303F52282AC28001E95A7 /* ZXT.app */;
			productType = "com.apple.product-type.application";
		};
		2243040C2282AC29001E95A7 /* ZXTTests */ = {
			isa = PBXNativeTarget;
			buildConfigurationList = 224304242282AC29001E95A7 /* Build configuration list for PBXNativeTarget "ZXTTests" */;
			buildPhases = (
				224304092282AC29001E95A7 /* Sources */,
				2243040A2282AC29001E95A7 /* Frameworks */,
				2243040B2282AC29001E95A7 /* Resources */,
			);
			buildRules = (
			);
			dependencies = (
				2243040F2282AC29001E95A7 /* PBXTargetDependency */,
			);
			name = ZXTTests;
			productName = ZXTTests;
			productReference = 2243040D2282AC29001E95A7 /* ZXTTests.xctest */;
			productType = "com.apple.product-type.bundle.unit-test";
		};
		224304172282AC29001E95A7 /* ZXTUITests */ = {
			isa = PBXNativeTarget;
			buildConfigurationList = 224304272282AC29001E95A7 /* Build configuration list for PBXNativeTarget "ZXTUITests" */;
			buildPhases = (
				224304142282AC29001E95A7 /* Sources */,
				224304152282AC29001E95A7 /* Frameworks */,
				224304162282AC29001E95A7 /* Resources */,
			);
			buildRules = (
			);
			dependencies = (
				2243041A2282AC29001E95A7 /* PBXTargetDependency */,
			);
			name = ZXTUITests;
			productName = ZXTUITests;
			productReference = 224304182282AC29001E95A7 /* ZXTUITests.xctest */;
			productType = "com.apple.product-type.bundle.ui-testing";
		};
/* End PBXNativeTarget section */

/* Begin PBXProject section */
		224303ED2282AC28001E95A7 /* Project object */ = {
			isa = PBXProject;
			attributes = {
				CLASSPREFIX = ICE;
				LastUpgradeCheck = 1020;
				ORGANIZATIONNAME = "Free world co., LTD";
				TargetAttributes = {
					224303F42282AC28001E95A7 = {
						CreatedOnToolsVersion = 10.2.1;
					};
					2243040C2282AC29001E95A7 = {
						CreatedOnToolsVersion = 10.2.1;
						TestTargetID = 224303F42282AC28001E95A7;
					};
					224304172282AC29001E95A7 = {
						CreatedOnToolsVersion = 10.2.1;
						TestTargetID = 224303F42282AC28001E95A7;
					};
				};
			};
			buildConfigurationList = 224303F02282AC28001E95A7 /* Build configuration list for PBXProject "ZXT" */;
			compatibilityVersion = "Xcode 9.3";
			developmentRegion = en;
			hasScannedForEncodings = 0;
			knownRegions = (
				en,
				Base,
			);
			mainGroup = 224303EC2282AC28001E95A7;
			productRefGroup = 224303F62282AC28001E95A7 /* Products */;
			projectDirPath = "";
			projectRoot = "";
			targets = (
				224303F42282AC28001E95A7 /* ZXT */,
				2243040C2282AC29001E95A7 /* ZXTTests */,
				224304172282AC29001E95A7 /* ZXTUITests */,
			);
		};
/* End PBXProject section */

/* Begin PBXResourcesBuildPhase section */
		224303F32282AC28001E95A7 /* Resources */ = {
			isa = PBXResourcesBuildPhase;
			buildActionMask = 2147483647;
			files = (
				224304052282AC29001E95A7 /* LaunchScreen.storyboard in Resources */,
				224304022282AC29001E95A7 /* Assets.xcassets in Resources */,
				224304002282AC28001E95A7 /* Main.storyboard in Resources */,
				6328F48C228E5B1600CDE193 /* ICEXibTableViewCell.xib in Resources */,
				636B215F2293D13B00E4A07B /* ICEXibView.xib in Resources */,
				636B21622293E9F100E4A07B /* 没网.png in Resources */,
			);
			runOnlyForDeploymentPostprocessing = 0;
		};
		2243040B2282AC29001E95A7 /* Resources */ = {
			isa = PBXResourcesBuildPhase;
			buildActionMask = 2147483647;
			files = (
			);
			runOnlyForDeploymentPostprocessing = 0;
		};
		224304162282AC29001E95A7 /* Resources */ = {
			isa = PBXResourcesBuildPhase;
			buildActionMask = 2147483647;
			files = (
			);
			runOnlyForDeploymentPostprocessing = 0;
		};
/* End PBXResourcesBuildPhase section */

/* Begin PBXShellScriptBuildPhase section */
		6F10C97A0E5EA3306DCAFEB3 /* [CP] Check Pods Manifest.lock */ = {
			isa = PBXShellScriptBuildPhase;
			buildActionMask = 2147483647;
			files = (
			);
			inputFileListPaths = (
			);
			inputPaths = (
				"${PODS_PODFILE_DIR_PATH}/Podfile.lock",
				"${PODS_ROOT}/Manifest.lock",
			);
			name = "[CP] Check Pods Manifest.lock";
			outputFileListPaths = (
			);
			outputPaths = (
				"$(DERIVED_FILE_DIR)/Pods-ZXT-checkManifestLockResult.txt",
			);
			runOnlyForDeploymentPostprocessing = 0;
			shellPath = /bin/sh;
			shellScript = "diff \"${PODS_PODFILE_DIR_PATH}/Podfile.lock\" \"${PODS_ROOT}/Manifest.lock\" > /dev/null\nif [ $? != 0 ] ; then\n    # print error to STDERR\n    echo \"error: The sandbox is not in sync with the Podfile.lock. Run 'pod install' or update your CocoaPods installation.\" >&2\n    exit 1\nfi\n# This output is used by Xcode 'outputs' to avoid re-running this script phase.\necho \"SUCCESS\" > \"${SCRIPT_OUTPUT_FILE_0}\"\n";
			showEnvVarsInLog = 0;
		};
		AD6795983821C40CFED5187A /* [CP] Embed Pods Frameworks */ = {
			isa = PBXShellScriptBuildPhase;
			buildActionMask = 2147483647;
			files = (
			);
			inputFileListPaths = (
			);
			inputPaths = (
				"${PODS_ROOT}/Target Support Files/Pods-ZXT/Pods-ZXT-frameworks.sh",
				"${BUILT_PRODUCTS_DIR}/ReactiveCocoa/ReactiveCocoa.framework",
				"${BUILT_PRODUCTS_DIR}/SDAutoLayout/SDAutoLayout.framework",
				"${BUILT_PRODUCTS_DIR}/TABAnimated/TABAnimated.framework",
			);
			name = "[CP] Embed Pods Frameworks";
			outputFileListPaths = (
			);
			outputPaths = (
				"${TARGET_BUILD_DIR}/${FRAMEWORKS_FOLDER_PATH}/ReactiveCocoa.framework",
				"${TARGET_BUILD_DIR}/${FRAMEWORKS_FOLDER_PATH}/SDAutoLayout.framework",
				"${TARGET_BUILD_DIR}/${FRAMEWORKS_FOLDER_PATH}/TABAnimated.framework",
			);
			runOnlyForDeploymentPostprocessing = 0;
			shellPath = /bin/sh;
			shellScript = "\"${PODS_ROOT}/Target Support Files/Pods-ZXT/Pods-ZXT-frameworks.sh\"\n";
			showEnvVarsInLog = 0;
		};
/* End PBXShellScriptBuildPhase section */

/* Begin PBXSourcesBuildPhase section */
		224303F12282AC28001E95A7 /* Sources */ = {
			isa = PBXSourcesBuildPhase;
			buildActionMask = 2147483647;
			files = (
				22CA2D032283FE4A00460357 /* ICEViewController.m in Sources */,
				2243045E2282B15B001E95A7 /* ICEZZTViewController.m in Sources */,
				636B215D2293D11400E4A07B /* ICEXibView.m in Sources */,
				22CA2CFA2283FE1800460357 /* ICECodeViewController.m in Sources */,
				6328F490228E87AB00CDE193 /* ICETools.m in Sources */,
				224303FD2282AC28001E95A7 /* ViewController.m in Sources */,
				224304082282AC29001E95A7 /* main.m in Sources */,
				6328F46E228D5FDC00CDE193 /* ICETableViewCell.m in Sources */,
				224304622282B19A001E95A7 /* ICEZXTViewController.m in Sources */,
				636B2165229400B300E4A07B /* ICETableXibViewController.m in Sources */,
				6328F473228E48A800CDE193 /* ICEModel.m in Sources */,
				6328F48B228E5B1600CDE193 /* ICEXibTableViewCell.m in Sources */,
				636B21552292A19800E4A07B /* ICELoadingView.m in Sources */,
				636B215A2293A97C00E4A07B /* ICECodeCollectionViewCell.m in Sources */,
				6328F4A3228EB5CE00CDE193 /* ICECollectionViewController.m in Sources */,
				6328F493228E8DDC00CDE193 /* ICETestView.m in Sources */,
				636B2152229284D100E4A07B /* UIView+ICEZwt.m in Sources */,
				224304652282B1A7001E95A7 /* ICEBZTViewController.m in Sources */,
				224303FA2282AC28001E95A7 /* AppDelegate.m in Sources */,
			);
			runOnlyForDeploymentPostprocessing = 0;
		};
		224304092282AC29001E95A7 /* Sources */ = {
			isa = PBXSourcesBuildPhase;
			buildActionMask = 2147483647;
			files = (
				224304122282AC29001E95A7 /* ZXTTests.m in Sources */,
			);
			runOnlyForDeploymentPostprocessing = 0;
		};
		224304142282AC29001E95A7 /* Sources */ = {
			isa = PBXSourcesBuildPhase;
			buildActionMask = 2147483647;
			files = (
				2243041D2282AC29001E95A7 /* ZXTUITests.m in Sources */,
			);
			runOnlyForDeploymentPostprocessing = 0;
		};
/* End PBXSourcesBuildPhase section */

/* Begin PBXTargetDependency section */
		2243040F2282AC29001E95A7 /* PBXTargetDependency */ = {
			isa = PBXTargetDependency;
			target = 224303F42282AC28001E95A7 /* ZXT */;
			targetProxy = 2243040E2282AC29001E95A7 /* PBXContainerItemProxy */;
		};
		2243041A2282AC29001E95A7 /* PBXTargetDependency */ = {
			isa = PBXTargetDependency;
			target = 224303F42282AC28001E95A7 /* ZXT */;
			targetProxy = 224304192282AC29001E95A7 /* PBXContainerItemProxy */;
		};
/* End PBXTargetDependency section */

/* Begin PBXVariantGroup section */
		224303FE2282AC28001E95A7 /* Main.storyboard */ = {
			isa = PBXVariantGroup;
			children = (
				224303FF2282AC28001E95A7 /* Base */,
			);
			name = Main.storyboard;
			sourceTree = "<group>";
		};
		224304032282AC29001E95A7 /* LaunchScreen.storyboard */ = {
			isa = PBXVariantGroup;
			children = (
				224304042282AC29001E95A7 /* Base */,
			);
			name = LaunchScreen.storyboard;
			sourceTree = "<group>";
		};
/* End PBXVariantGroup section */

/* Begin XCBuildConfiguration section */
		2243041F2282AC29001E95A7 /* Debug */ = {
			isa = XCBuildConfiguration;
			buildSettings = {
				ALWAYS_SEARCH_USER_PATHS = NO;
				CLANG_ANALYZER_NONNULL = YES;
				CLANG_ANALYZER_NUMBER_OBJECT_CONVERSION = YES_AGGRESSIVE;
				CLANG_CXX_LANGUAGE_STANDARD = "gnu++14";
				CLANG_CXX_LIBRARY = "libc++";
				CLANG_ENABLE_MODULES = YES;
				CLANG_ENABLE_OBJC_ARC = YES;
				CLANG_ENABLE_OBJC_WEAK = YES;
				CLANG_WARN_BLOCK_CAPTURE_AUTORELEASING = YES;
				CLANG_WARN_BOOL_CONVERSION = YES;
				CLANG_WARN_COMMA = YES;
				CLANG_WARN_CONSTANT_CONVERSION = YES;
				CLANG_WARN_DEPRECATED_OBJC_IMPLEMENTATIONS = YES;
				CLANG_WARN_DIRECT_OBJC_ISA_USAGE = YES_ERROR;
				CLANG_WARN_DOCUMENTATION_COMMENTS = YES;
				CLANG_WARN_EMPTY_BODY = YES;
				CLANG_WARN_ENUM_CONVERSION = YES;
				CLANG_WARN_INFINITE_RECURSION = YES;
				CLANG_WARN_INT_CONVERSION = YES;
				CLANG_WARN_NON_LITERAL_NULL_CONVERSION = YES;
				CLANG_WARN_OBJC_IMPLICIT_RETAIN_SELF = YES;
				CLANG_WARN_OBJC_LITERAL_CONVERSION = YES;
				CLANG_WARN_OBJC_ROOT_CLASS = YES_ERROR;
				CLANG_WARN_RANGE_LOOP_ANALYSIS = YES;
				CLANG_WARN_STRICT_PROTOTYPES = YES;
				CLANG_WARN_SUSPICIOUS_MOVE = YES;
				CLANG_WARN_UNGUARDED_AVAILABILITY = YES_AGGRESSIVE;
				CLANG_WARN_UNREACHABLE_CODE = YES;
				CLANG_WARN__DUPLICATE_METHOD_MATCH = YES;
				CODE_SIGN_IDENTITY = "iPhone Developer";
				COPY_PHASE_STRIP = NO;
				DEBUG_INFORMATION_FORMAT = dwarf;
				ENABLE_STRICT_OBJC_MSGSEND = YES;
				ENABLE_TESTABILITY = YES;
				GCC_C_LANGUAGE_STANDARD = gnu11;
				GCC_DYNAMIC_NO_PIC = NO;
				GCC_NO_COMMON_BLOCKS = YES;
				GCC_OPTIMIZATION_LEVEL = 0;
				GCC_PREPROCESSOR_DEFINITIONS = (
					"DEBUG=1",
					"$(inherited)",
				);
				GCC_WARN_64_TO_32_BIT_CONVERSION = YES;
				GCC_WARN_ABOUT_RETURN_TYPE = YES_ERROR;
				GCC_WARN_UNDECLARED_SELECTOR = YES;
				GCC_WARN_UNINITIALIZED_AUTOS = YES_AGGRESSIVE;
				GCC_WARN_UNUSED_FUNCTION = YES;
				GCC_WARN_UNUSED_VARIABLE = YES;
				IPHONEOS_DEPLOYMENT_TARGET = 9.0;
				MTL_ENABLE_DEBUG_INFO = INCLUDE_SOURCE;
				MTL_FAST_MATH = YES;
				ONLY_ACTIVE_ARCH = YES;
				SDKROOT = iphoneos;
			};
			name = Debug;
		};
		224304202282AC29001E95A7 /* Release */ = {
			isa = XCBuildConfiguration;
			buildSettings = {
				ALWAYS_SEARCH_USER_PATHS = NO;
				CLANG_ANALYZER_NONNULL = YES;
				CLANG_ANALYZER_NUMBER_OBJECT_CONVERSION = YES_AGGRESSIVE;
				CLANG_CXX_LANGUAGE_STANDARD = "gnu++14";
				CLANG_CXX_LIBRARY = "libc++";
				CLANG_ENABLE_MODULES = YES;
				CLANG_ENABLE_OBJC_ARC = YES;
				CLANG_ENABLE_OBJC_WEAK = YES;
				CLANG_WARN_BLOCK_CAPTURE_AUTORELEASING = YES;
				CLANG_WARN_BOOL_CONVERSION = YES;
				CLANG_WARN_COMMA = YES;
				CLANG_WARN_CONSTANT_CONVERSION = YES;
				CLANG_WARN_DEPRECATED_OBJC_IMPLEMENTATIONS = YES;
				CLANG_WARN_DIRECT_OBJC_ISA_USAGE = YES_ERROR;
				CLANG_WARN_DOCUMENTATION_COMMENTS = YES;
				CLANG_WARN_EMPTY_BODY = YES;
				CLANG_WARN_ENUM_CONVERSION = YES;
				CLANG_WARN_INFINITE_RECURSION = YES;
				CLANG_WARN_INT_CONVERSION = YES;
				CLANG_WARN_NON_LITERAL_NULL_CONVERSION = YES;
				CLANG_WARN_OBJC_IMPLICIT_RETAIN_SELF = YES;
				CLANG_WARN_OBJC_LITERAL_CONVERSION = YES;
				CLANG_WARN_OBJC_ROOT_CLASS = YES_ERROR;
				CLANG_WARN_RANGE_LOOP_ANALYSIS = YES;
				CLANG_WARN_STRICT_PROTOTYPES = YES;
				CLANG_WARN_SUSPICIOUS_MOVE = YES;
				CLANG_WARN_UNGUARDED_AVAILABILITY = YES_AGGRESSIVE;
				CLANG_WARN_UNREACHABLE_CODE = YES;
				CLANG_WARN__DUPLICATE_METHOD_MATCH = YES;
				CODE_SIGN_IDENTITY = "iPhone Developer";
				COPY_PHASE_STRIP = NO;
				DEBUG_INFORMATION_FORMAT = "dwarf-with-dsym";
				ENABLE_NS_ASSERTIONS = NO;
				ENABLE_STRICT_OBJC_MSGSEND = YES;
				GCC_C_LANGUAGE_STANDARD = gnu11;
				GCC_NO_COMMON_BLOCKS = YES;
				GCC_WARN_64_TO_32_BIT_CONVERSION = YES;
				GCC_WARN_ABOUT_RETURN_TYPE = YES_ERROR;
				GCC_WARN_UNDECLARED_SELECTOR = YES;
				GCC_WARN_UNINITIALIZED_AUTOS = YES_AGGRESSIVE;
				GCC_WARN_UNUSED_FUNCTION = YES;
				GCC_WARN_UNUSED_VARIABLE = YES;
				IPHONEOS_DEPLOYMENT_TARGET = 9.0;
				MTL_ENABLE_DEBUG_INFO = NO;
				MTL_FAST_MATH = YES;
				SDKROOT = iphoneos;
				VALIDATE_PRODUCT = YES;
			};
			name = Release;
		};
		224304222282AC29001E95A7 /* Debug */ = {
			isa = XCBuildConfiguration;
			baseConfigurationReference = 102EA7C1E4C77F68EA2DE4A5 /* Pods-ZXT.debug.xcconfig */;
			buildSettings = {
				ASSETCATALOG_COMPILER_APPICON_NAME = AppIcon;
				ASSETCATALOG_COMPILER_LAUNCHIMAGE_NAME = LaunchImage;
				CODE_SIGN_STYLE = Automatic;
				DEVELOPMENT_TEAM = LGN7SU938D;
				GCC_PREFIX_HEADER = "$(SRCROOT)/ZXT/PrefixHeader.pch";
				HEADER_SEARCH_PATHS = (
					"$(inherited)",
					"\"${PODS_CONFIGURATION_BUILD_DIR}/ReactiveCocoa/ReactiveCocoa.framework/Headers\"",
					"\"${PODS_CONFIGURATION_BUILD_DIR}/SDAutoLayout/SDAutoLayout.framework/Headers\"",
				);
				INFOPLIST_FILE = ZXT/Info.plist;
				IPHONEOS_DEPLOYMENT_TARGET = 9.0;
				LD_RUNPATH_SEARCH_PATHS = (
					"$(inherited)",
					"@executable_path/Frameworks",
				);
				OTHER_LDFLAGS = (
					"-all_load",
					"-ObjC",
					"$(inherited)",
				);
				PRODUCT_BUNDLE_IDENTIFIER = com.zxt;
				PRODUCT_NAME = "$(TARGET_NAME)";
				SWIFT_VERSION = 4.0;
				TARGETED_DEVICE_FAMILY = "1,2";
				USER_HEADER_SEARCH_PATHS = "";
			};
			name = Debug;
		};
		224304232282AC29001E95A7 /* Release */ = {
			isa = XCBuildConfiguration;
			baseConfigurationReference = 9E337BC15CE31478928B43C6 /* Pods-ZXT.release.xcconfig */;
			buildSettings = {
				ASSETCATALOG_COMPILER_APPICON_NAME = AppIcon;
				ASSETCATALOG_COMPILER_LAUNCHIMAGE_NAME = LaunchImage;
				CODE_SIGN_STYLE = Automatic;
				DEVELOPMENT_TEAM = LGN7SU938D;
				GCC_PREFIX_HEADER = "$(SRCROOT)/ZXT/PrefixHeader.pch";
				HEADER_SEARCH_PATHS = (
					"$(inherited)",
					"\"${PODS_CONFIGURATION_BUILD_DIR}/ReactiveCocoa/ReactiveCocoa.framework/Headers\"",
					"\"${PODS_CONFIGURATION_BUILD_DIR}/SDAutoLayout/SDAutoLayout.framework/Headers\"",
				);
				INFOPLIST_FILE = ZXT/Info.plist;
				IPHONEOS_DEPLOYMENT_TARGET = 9.0;
				LD_RUNPATH_SEARCH_PATHS = (
					"$(inherited)",
					"@executable_path/Frameworks",
				);
				OTHER_LDFLAGS = (
					"-all_load",
					"-ObjC",
					"$(inherited)",
				);
				PRODUCT_BUNDLE_IDENTIFIER = com.zxt;
				PRODUCT_NAME = "$(TARGET_NAME)";
				SWIFT_VERSION = 4.0;
				TARGETED_DEVICE_FAMILY = "1,2";
				USER_HEADER_SEARCH_PATHS = "";
			};
			name = Release;
		};
		224304252282AC29001E95A7 /* Debug */ = {
			isa = XCBuildConfiguration;
			buildSettings = {
				BUNDLE_LOADER = "$(TEST_HOST)";
				CODE_SIGN_STYLE = Automatic;
				DEVELOPMENT_TEAM = F9UWGF5E8W;
				INFOPLIST_FILE = ZXTTests/Info.plist;
				LD_RUNPATH_SEARCH_PATHS = (
					"$(inherited)",
					"@executable_path/Frameworks",
					"@loader_path/Frameworks",
				);
				PRODUCT_BUNDLE_IDENTIFIER = ICE.ZXTTests;
				PRODUCT_NAME = "$(TARGET_NAME)";
				TARGETED_DEVICE_FAMILY = "1,2";
				TEST_HOST = "$(BUILT_PRODUCTS_DIR)/ZXT.app/ZXT";
			};
			name = Debug;
		};
		224304262282AC29001E95A7 /* Release */ = {
			isa = XCBuildConfiguration;
			buildSettings = {
				BUNDLE_LOADER = "$(TEST_HOST)";
				CODE_SIGN_STYLE = Automatic;
				DEVELOPMENT_TEAM = F9UWGF5E8W;
				INFOPLIST_FILE = ZXTTests/Info.plist;
				LD_RUNPATH_SEARCH_PATHS = (
					"$(inherited)",
					"@executable_path/Frameworks",
					"@loader_path/Frameworks",
				);
				PRODUCT_BUNDLE_IDENTIFIER = ICE.ZXTTests;
				PRODUCT_NAME = "$(TARGET_NAME)";
				TARGETED_DEVICE_FAMILY = "1,2";
				TEST_HOST = "$(BUILT_PRODUCTS_DIR)/ZXT.app/ZXT";
			};
			name = Release;
		};
		224304282282AC29001E95A7 /* Debug */ = {
			isa = XCBuildConfiguration;
			buildSettings = {
				CODE_SIGN_STYLE = Automatic;
				DEVELOPMENT_TEAM = F9UWGF5E8W;
				INFOPLIST_FILE = ZXTUITests/Info.plist;
				LD_RUNPATH_SEARCH_PATHS = (
					"$(inherited)",
					"@executable_path/Frameworks",
					"@loader_path/Frameworks",
				);
				PRODUCT_BUNDLE_IDENTIFIER = ICE.ZXTUITests;
				PRODUCT_NAME = "$(TARGET_NAME)";
				TARGETED_DEVICE_FAMILY = "1,2";
				TEST_TARGET_NAME = ZXT;
			};
			name = Debug;
		};
		224304292282AC29001E95A7 /* Release */ = {
			isa = XCBuildConfiguration;
			buildSettings = {
				CODE_SIGN_STYLE = Automatic;
				DEVELOPMENT_TEAM = F9UWGF5E8W;
				INFOPLIST_FILE = ZXTUITests/Info.plist;
				LD_RUNPATH_SEARCH_PATHS = (
					"$(inherited)",
					"@executable_path/Frameworks",
					"@loader_path/Frameworks",
				);
				PRODUCT_BUNDLE_IDENTIFIER = ICE.ZXTUITests;
				PRODUCT_NAME = "$(TARGET_NAME)";
				TARGETED_DEVICE_FAMILY = "1,2";
				TEST_TARGET_NAME = ZXT;
			};
			name = Release;
		};
/* End XCBuildConfiguration section */

/* Begin XCConfigurationList section */
		224303F02282AC28001E95A7 /* Build configuration list for PBXProject "ZXT" */ = {
			isa = XCConfigurationList;
			buildConfigurations = (
				2243041F2282AC29001E95A7 /* Debug */,
				224304202282AC29001E95A7 /* Release */,
			);
			defaultConfigurationIsVisible = 0;
			defaultConfigurationName = Release;
		};
		224304212282AC29001E95A7 /* Build configuration list for PBXNativeTarget "ZXT" */ = {
			isa = XCConfigurationList;
			buildConfigurations = (
				224304222282AC29001E95A7 /* Debug */,
				224304232282AC29001E95A7 /* Release */,
			);
			defaultConfigurationIsVisible = 0;
			defaultConfigurationName = Release;
		};
		224304242282AC29001E95A7 /* Build configuration list for PBXNativeTarget "ZXTTests" */ = {
			isa = XCConfigurationList;
			buildConfigurations = (
				224304252282AC29001E95A7 /* Debug */,
				224304262282AC29001E95A7 /* Release */,
			);
			defaultConfigurationIsVisible = 0;
			defaultConfigurationName = Release;
		};
		224304272282AC29001E95A7 /* Build configuration list for PBXNativeTarget "ZXTUITests" */ = {
			isa = XCConfigurationList;
			buildConfigurations = (
				224304282282AC29001E95A7 /* Debug */,
				224304292282AC29001E95A7 /* Release */,
			);
			defaultConfigurationIsVisible = 0;
			defaultConfigurationName = Release;
		};
/* End XCConfigurationList section */
	};
	rootObject = 224303ED2282AC28001E95A7 /* Project object */;
}
